
Microsoft Visual Studio Solution File, Format Version 12.00
# Visual Studio 15
VisualStudioVersion = 15.0.26124.0
MinimumVisualStudioVersion = 15.0.26124.0
Project("{F2A71F9B-5D33-465A-A702-920D77279786}") = "FSymOrNum", "FSymOrNum\FSymOrNum.fsproj", "{088882CF-E73E-4E1E-B28F-DE55F1A40164}"
EndProject
Global
	GlobalSection(SolutionConfigurationPlatforms) = preSolution
		Debug|Any CPU = Debug|Any CPU
		Debug|x64 = Debug|x64
		Debug|x86 = Debug|x86
		Release|Any CPU = Release|Any CPU
		Release|x64 = Release|x64
		Release|x86 = Release|x86
	EndGlobalSection
	GlobalSection(SolutionProperties) = preSolution
		HideSolutionNode = FALSE
	EndGlobalSection
	GlobalSection(ProjectConfigurationPlatforms) = postSolution
		{088882CF-E73E-4E1E-B28F-DE55F1A40164}.Debug|Any CPU.ActiveCfg = Debug|Any CPU
		{088882CF-E73E-4E1E-B28F-DE55F1A40164}.Debug|Any CPU.Build.0 = Debug|Any CPU
		{088882CF-E73E-4E1E-B28F-DE55F1A40164}.Debug|x64.ActiveCfg = Debug|Any CPU
		{088882CF-E73E-4E1E-B28F-DE55F1A40164}.Debug|x64.Build.0 = Debug|Any CPU
		{088882CF-E73E-4E1E-B28F-DE55F1A40164}.Debug|x86.ActiveCfg = Debug|Any CPU
		{088882CF-E73E-4E1E-B28F-DE55F1A40164}.Debug|x86.Build.0 = Debug|Any CPU
		{088882CF-E73E-4E1E-B28F-DE55F1A40164}.Release|Any CPU.ActiveCfg = Release|Any CPU
		{088882CF-E73E-4E1E-B28F-DE55F1A40164}.Release|Any CPU.Build.0 = Release|Any CPU
		{088882CF-E73E-4E1E-B28F-DE55F1A40164}.Release|x64.ActiveCfg = Release|Any CPU
		{088882CF-E73E-4E1E-B28F-DE55F1A40164}.Release|x64.Build.0 = Release|Any CPU
		{088882CF-E73E-4E1E-B28F-DE55F1A40164}.Release|x86.ActiveCfg = Release|Any CPU
		{088882CF-E73E-4E1E-B28F-DE55F1A40164}.Release|x86.Build.0 = Release|Any CPU
	EndGlobalSection
EndGlobal
